
Microsoft Visual Studio Solution File, Format Version 12.00
Project("{FAE04EC0-301F-11D3-BF4B-00C04F79EFBC}") = "Diploma.ECC", "Diploma.ECC\Diploma.ECC.csproj", "{3B04BED4-DEE0-4ECB-A7AA-623D660B5909}"
EndProject
Project("{FAE04EC0-301F-11D3-BF4B-00C04F79EFBC}") = "Diploma.Storage", "Diploma.Storage\Diploma.Storage.csproj", "{E44DF6E0-5F27-4A57-B8DA-F47D8C0D0EA8}"
EndProject
Project("{FAE04EC0-301F-11D3-BF4B-00C04F79EFBC}") = "Diploma.Messenger", "Diploma.Messenger\Diploma.Messenger.csproj", "{642E6B78-D2AB-48EC-A88D-8DA2CED98FE1}"
EndProject
Project("{FAE04EC0-301F-11D3-BF4B-00C04F79EFBC}") = "Diploma.Persistence", "Diploma.Persistence\Diploma.Persistence.csproj", "{13A4502B-1179-449A-8642-E1A0043E85BC}"
EndProject
Global
	GlobalSection(SolutionConfigurationPlatforms) = preSolution
		Debug|Any CPU = Debug|Any CPU
		Release|Any CPU = Release|Any CPU
	EndGlobalSection
	GlobalSection(ProjectConfigurationPlatforms) = postSolution
		{3B04BED4-DEE0-4ECB-A7AA-623D660B5909}.Debug|Any CPU.ActiveCfg = Debug|Any CPU
		{3B04BED4-DEE0-4ECB-A7AA-623D660B5909}.Debug|Any CPU.Build.0 = Debug|Any CPU
		{3B04BED4-DEE0-4ECB-A7AA-623D660B5909}.Release|Any CPU.ActiveCfg = Release|Any CPU
		{3B04BED4-DEE0-4ECB-A7AA-623D660B5909}.Release|Any CPU.Build.0 = Release|Any CPU
		{20687904-9028-46BD-9907-BB42168A4267}.Debug|Any CPU.ActiveCfg = Debug|Any CPU
		{20687904-9028-46BD-9907-BB42168A4267}.Debug|Any CPU.Build.0 = Debug|Any CPU
		{20687904-9028-46BD-9907-BB42168A4267}.Release|Any CPU.ActiveCfg = Release|Any CPU
		{20687904-9028-46BD-9907-BB42168A4267}.Release|Any CPU.Build.0 = Release|Any CPU
		{E44DF6E0-5F27-4A57-B8DA-F47D8C0D0EA8}.Debug|Any CPU.ActiveCfg = Debug|Any CPU
		{E44DF6E0-5F27-4A57-B8DA-F47D8C0D0EA8}.Debug|Any CPU.Build.0 = Debug|Any CPU
		{E44DF6E0-5F27-4A57-B8DA-F47D8C0D0EA8}.Release|Any CPU.ActiveCfg = Release|Any CPU
		{E44DF6E0-5F27-4A57-B8DA-F47D8C0D0EA8}.Release|Any CPU.Build.0 = Release|Any CPU
		{642E6B78-D2AB-48EC-A88D-8DA2CED98FE1}.Debug|Any CPU.ActiveCfg = Debug|Any CPU
		{642E6B78-D2AB-48EC-A88D-8DA2CED98FE1}.Debug|Any CPU.Build.0 = Debug|Any CPU
		{642E6B78-D2AB-48EC-A88D-8DA2CED98FE1}.Release|Any CPU.ActiveCfg = Release|Any CPU
		{642E6B78-D2AB-48EC-A88D-8DA2CED98FE1}.Release|Any CPU.Build.0 = Release|Any CPU
		{13A4502B-1179-449A-8642-E1A0043E85BC}.Debug|Any CPU.ActiveCfg = Debug|Any CPU
		{13A4502B-1179-449A-8642-E1A0043E85BC}.Debug|Any CPU.Build.0 = Debug|Any CPU
		{13A4502B-1179-449A-8642-E1A0043E85BC}.Release|Any CPU.ActiveCfg = Release|Any CPU
		{13A4502B-1179-449A-8642-E1A0043E85BC}.Release|Any CPU.Build.0 = Release|Any CPU
	EndGlobalSection
	GlobalSection(NestedProjects) = preSolution
	EndGlobalSection
EndGlobal
